
Microsoft Visual Studio Solution File, Format Version 12.00
# Visual Studio Version 16
VisualStudioVersion = 16.0.28803.452
MinimumVisualStudioVersion = 10.0.40219.1
Project("{FAE04EC0-301F-11D3-BF4B-00C04F79EFBC}") = "FileStreamUsing", "FileStreamUsing\FileStreamUsing.csproj", "{7733A572-F745-4246-AA52-D2771EBA0CEA}"
EndProject
Global
	GlobalSection(SolutionConfigurationPlatforms) = preSolution
		Debug|Any CPU = Debug|Any CPU
		Release|Any CPU = Release|Any CPU
	EndGlobalSection
	GlobalSection(ProjectConfigurationPlatforms) = postSolution
		{7733A572-F745-4246-AA52-D2771EBA0CEA}.Debug|Any CPU.ActiveCfg = Debug|Any CPU
		{7733A572-F745-4246-AA52-D2771EBA0CEA}.Debug|Any CPU.Build.0 = Debug|Any CPU
		{7733A572-F745-4246-AA52-D2771EBA0CEA}.Release|Any CPU.ActiveCfg = Release|Any CPU
		{7733A572-F745-4246-AA52-D2771EBA0CEA}.Release|Any CPU.Build.0 = Release|Any CPU
	EndGlobalSection
	GlobalSection(SolutionProperties) = preSolution
		HideSolutionNode = FALSE
	EndGlobalSection
	GlobalSection(ExtensibilityGlobals) = postSolution
		SolutionGuid = {B9E1D65B-3454-4422-89B0-4227AAC52F64}
	EndGlobalSection
EndGlobal
