
Microsoft Visual Studio Solution File, Format Version 12.00
# Visual Studio Version 16
VisualStudioVersion = 16.0.28803.452
MinimumVisualStudioVersion = 10.0.40219.1
Project("{FAE04EC0-301F-11D3-BF4B-00C04F79EFBC}") = "Stream", "Stream\Stream.csproj", "{D45DE211-6B54-4139-8BD6-2B427F077593}"
EndProject
Global
	GlobalSection(SolutionConfigurationPlatforms) = preSolution
		Debug|Any CPU = Debug|Any CPU
		Release|Any CPU = Release|Any CPU
	EndGlobalSection
	GlobalSection(ProjectConfigurationPlatforms) = postSolution
		{D45DE211-6B54-4139-8BD6-2B427F077593}.Debug|Any CPU.ActiveCfg = Debug|Any CPU
		{D45DE211-6B54-4139-8BD6-2B427F077593}.Debug|Any CPU.Build.0 = Debug|Any CPU
		{D45DE211-6B54-4139-8BD6-2B427F077593}.Release|Any CPU.ActiveCfg = Release|Any CPU
		{D45DE211-6B54-4139-8BD6-2B427F077593}.Release|Any CPU.Build.0 = Release|Any CPU
	EndGlobalSection
	GlobalSection(SolutionProperties) = preSolution
		HideSolutionNode = FALSE
	EndGlobalSection
	GlobalSection(ExtensibilityGlobals) = postSolution
		SolutionGuid = {577AC338-03C6-4423-9A0B-899B44367415}
	EndGlobalSection
EndGlobal
